
Microsoft Visual Studio Solution File, Format Version 12.00
# Visual Studio Version 16
VisualStudioVersion = 16.0.29306.81
MinimumVisualStudioVersion = 10.0.40219.1
Project("{FAE04EC0-301F-11D3-BF4B-00C04F79EFBC}") = "OnyeijeSchool", "OnyeijeSchool\OnyeijeSchool.csproj", "{3D4AA525-FCF7-4F4C-A555-18AD38509A3B}"
EndProject
Global
	GlobalSection(SolutionConfigurationPlatforms) = preSolution
		Debug|Any CPU = Debug|Any CPU
		Release|Any CPU = Release|Any CPU
	EndGlobalSection
	GlobalSection(ProjectConfigurationPlatforms) = postSolution
		{3D4AA525-FCF7-4F4C-A555-18AD38509A3B}.Debug|Any CPU.ActiveCfg = Debug|Any CPU
		{3D4AA525-FCF7-4F4C-A555-18AD38509A3B}.Debug|Any CPU.Build.0 = Debug|Any CPU
		{3D4AA525-FCF7-4F4C-A555-18AD38509A3B}.Release|Any CPU.ActiveCfg = Release|Any CPU
		{3D4AA525-FCF7-4F4C-A555-18AD38509A3B}.Release|Any CPU.Build.0 = Release|Any CPU
	EndGlobalSection
	GlobalSection(SolutionProperties) = preSolution
		HideSolutionNode = FALSE
	EndGlobalSection
	GlobalSection(ExtensibilityGlobals) = postSolution
		SolutionGuid = {0F6A63F7-A796-4E3F-BACF-AE08D357B36A}
	EndGlobalSection
EndGlobal
